
Microsoft Visual Studio Solution File, Format Version 12.00
# Visual Studio 15
VisualStudioVersion = 15.0.28307.136
MinimumVisualStudioVersion = 10.0.40219.1
Project("{FAE04EC0-301F-11D3-BF4B-00C04F79EFBC}") = "ImageProcessing", "ImageProcessing\ImageProcessing.csproj", "{2860EA66-C918-4A11-BF1B-258928860B55}"
EndProject
Global
	GlobalSection(SolutionConfigurationPlatforms) = preSolution
		Debug|Any CPU = Debug|Any CPU
		Release|Any CPU = Release|Any CPU
	EndGlobalSection
	GlobalSection(ProjectConfigurationPlatforms) = postSolution
		{2860EA66-C918-4A11-BF1B-258928860B55}.Debug|Any CPU.ActiveCfg = Debug|Any CPU
		{2860EA66-C918-4A11-BF1B-258928860B55}.Debug|Any CPU.Build.0 = Debug|Any CPU
		{2860EA66-C918-4A11-BF1B-258928860B55}.Release|Any CPU.ActiveCfg = Release|Any CPU
		{2860EA66-C918-4A11-BF1B-258928860B55}.Release|Any CPU.Build.0 = Release|Any CPU
	EndGlobalSection
	GlobalSection(SolutionProperties) = preSolution
		HideSolutionNode = FALSE
	EndGlobalSection
	GlobalSection(ExtensibilityGlobals) = postSolution
		SolutionGuid = {EC7B04CA-8BA9-4386-9260-85E1A9656C59}
	EndGlobalSection
EndGlobal
